[dependencies]
  [dependencies.argo-cd-order]
    name = "argo-cd-order"
    full_name = "argo-cd-order_0.2.0"
    version = "0.2.0"
    reg = "ghcr.io"
    repo = "kcl-lang/argo-cd-order"
    oci_tag = "0.2.0"
  [dependencies.argoproj]
    name = "argoproj"
    full_name = "argoproj_0.1.0"
    version = "0.1.0"
    reg = "ghcr.io"
    repo = "kcl-lang/argoproj"
    oci_tag = "0.1.0"
  [dependencies.crossplane]
    name = "crossplane"
    full_name = "crossplane_1.17.3"
    version = "1.17.3"
    sum = "8hx/1t6Gn0UZjaycAJIJ2Xj1R7vefZq7mMpAim21COc="
    reg = "ghcr.io"
    repo = "kcl-lang/crossplane"
    oci_tag = "1.17.3"
  [dependencies.istio]
    name = "istio"
    full_name = "istio_1.21.5"
    version = "1.21.5"
    sum = "UJeeW5a6kxlEf9STlV21lnM74RFoAomaWNGeGPjbsNk="
    reg = "ghcr.io"
    repo = "kcl-lang/istio"
    oci_tag = "1.21.5"
  [dependencies.json_merge_patch]
    name = "json_merge_patch"
    full_name = "json_merge_patch_0.1.1"
    version = "0.1.1"
    sum = "o1aamShk1L2MGjnN9u3IErRZ3xBNDxgmFxXsGVMt8Wk="
    reg = "ghcr.io"
    repo = "kcl-lang/json_merge_patch"
    oci_tag = "0.1.1"
  [dependencies.k8s]
    name = "k8s"
    full_name = "k8s_1.31.2"
    version = "1.31.2"
    sum = "xBZgPsnpVVyWBpahuPQHReeRx28eUHGFoaPeqbct+vs="
    reg = "ghcr.io"
    repo = "kcl-lang/k8s"
    oci_tag = "1.31.2"
  [dependencies.knative]
    name = "knative"
    full_name = "knative_0.2.0"
    version = "0.2.0"
    reg = "ghcr.io"
    repo = "kcl-lang/knative"
    oci_tag = "0.2.0"
  [dependencies.knative-operator]
    name = "knative-operator"
    full_name = "knative-operator_0.3.0"
    version = "0.3.0"
    sum = "P+DpsQ8gx8OW67xr/hIbg39SIyw7t222N4ghW4qJhoA="
    reg = "ghcr.io"
    repo = "kcl-lang/knative-operator"
    oci_tag = "0.3.0"
