[dependencies]
  [dependencies.argo-cd-order]
    name = "argo-cd-order"
    full_name = "argo-cd-order_0.2.0"
    version = "0.2.0"
    reg = "ghcr.io"
    repo = "kcl-lang/argo-cd-order"
    oci_tag = "0.2.0"
  [dependencies.argoproj]
    name = "argoproj"
    full_name = "argoproj_0.1.0"
    version = "0.1.0"
    reg = "ghcr.io"
    repo = "kcl-lang/argoproj"
    oci_tag = "0.1.0"
  [dependencies.crossplane]
    name = "crossplane"
    full_name = "crossplane_1.16.0"
    version = "1.16.0"
    sum = "5xS7SRf897u4R3cO0FWd3AWpoeicjbui1oeX6JyEgG0="
  [dependencies.istio]
    name = "istio"
    full_name = "istio_1.21.2"
    version = "1.21.2"
    sum = "FtqHLhCwxWFWtREklVT0J/GjT34BUUdUG2uoaOlPwYY="
  [dependencies.json_merge_patch]
    name = "json_merge_patch"
    full_name = "json_merge_patch_0.1.0"
    version = "0.1.0"
    reg = "ghcr.io"
    repo = "kcl-lang/json_merge_patch"
    oci_tag = "0.1.0"
  [dependencies.k8s]
    name = "k8s"
    full_name = "k8s_1.31.2"
    version = "1.31.2"
  [dependencies.knative]
    name = "knative"
    full_name = "knative_1.17.0"
    version = "1.17.0"
    reg = "ghcr.io"
    repo = "metacoma/knative"
    oci_tag = "1.17.0"
  [dependencies.knative-operator]
    name = "knative-operator"
    full_name = "operator_1.17.2"
    version = "1.17.2"
    reg = "ghcr.io"
    repo = "metacoma/knative_operator"
    oci_tag = "1.17.2"
